
Microsoft Visual Studio Solution File, Format Version 12.00
# Visual Studio 14
VisualStudioVersion = 14.0.25123.0
MinimumVisualStudioVersion = 10.0.40219.1
Project("{FAE04EC0-301F-11D3-BF4B-00C04F79EFBC}") = "Mobile", "Mobile\Mobile\Mobile.csproj", "{FF6FC791-8E09-46EF-A701-03D9D2E26AEF}"
EndProject
Project("{FAE04EC0-301F-11D3-BF4B-00C04F79EFBC}") = "Mobile.Droid", "Mobile\Mobile.Droid\Mobile.Droid.csproj", "{CEA71ACD-AC55-4EC4-A06D-414AB216215B}"
EndProject
Project("{FAE04EC0-301F-11D3-BF4B-00C04F79EFBC}") = "Mobile.iOS", "Mobile\Mobile.iOS\Mobile.iOS.csproj", "{C6A662D9-2E05-4A0F-AB20-C690D6118242}"
EndProject
Project("{FAE04EC0-301F-11D3-BF4B-00C04F79EFBC}") = "Mobile.UWP", "Mobile\Mobile.UWP\Mobile.UWP.csproj", "{C446AEAD-30E6-459B-9289-8B628B53104B}"
EndProject
Project("{2150E333-8FDC-42A3-9474-1A3956D46DE8}") = "Solution Items", "Solution Items", "{951C532E-B583-4CE1-BA4B-9EED5B97204B}"
	ProjectSection(SolutionItems) = preProject
		README.md = README.md
	EndProjectSection
EndProject
Global
	GlobalSection(SolutionConfigurationPlatforms) = preSolution
		Ad-Hoc|Any CPU = Ad-Hoc|Any CPU
		Ad-Hoc|ARM = Ad-Hoc|ARM
		Ad-Hoc|iPhone = Ad-Hoc|iPhone
		Ad-Hoc|iPhoneSimulator = Ad-Hoc|iPhoneSimulator
		Ad-Hoc|x64 = Ad-Hoc|x64
		Ad-Hoc|x86 = Ad-Hoc|x86
		AppStore|Any CPU = AppStore|Any CPU
		AppStore|ARM = AppStore|ARM
		AppStore|iPhone = AppStore|iPhone
		AppStore|iPhoneSimulator = AppStore|iPhoneSimulator
		AppStore|x64 = AppStore|x64
		AppStore|x86 = AppStore|x86
		Debug|Any CPU = Debug|Any CPU
		Debug|ARM = Debug|ARM
		Debug|iPhone = Debug|iPhone
		Debug|iPhoneSimulator = Debug|iPhoneSimulator
		Debug|x64 = Debug|x64
		Debug|x86 = Debug|x86
		Release|Any CPU = Release|Any CPU
		Release|ARM = Release|ARM
		Release|iPhone = Release|iPhone
		Release|iPhoneSimulator = Release|iPhoneSimulator
		Release|x64 = Release|x64
		Release|x86 = Release|x86
	EndGlobalSection
	GlobalSection(ProjectConfigurationPlatforms) = postSolution
		{FF6FC791-8E09-46EF-A701-03D9D2E26AEF}.Ad-Hoc|Any CPU.ActiveCfg = Release|Any CPU
		{FF6FC791-8E09-46EF-A701-03D9D2E26AEF}.Ad-Hoc|Any CPU.Build.0 = Release|Any CPU
		{FF6FC791-8E09-46EF-A701-03D9D2E26AEF}.Ad-Hoc|ARM.ActiveCfg = Release|Any CPU
		{FF6FC791-8E09-46EF-A701-03D9D2E26AEF}.Ad-Hoc|ARM.Build.0 = Release|Any CPU
		{FF6FC791-8E09-46EF-A701-03D9D2E26AEF}.Ad-Hoc|iPhone.ActiveCfg = Release|Any CPU
		{FF6FC791-8E09-46EF-A701-03D9D2E26AEF}.Ad-Hoc|iPhone.Build.0 = Release|Any CPU
		{FF6FC791-8E09-46EF-A701-03D9D2E26AEF}.Ad-Hoc|iPhoneSimulator.ActiveCfg = Release|Any CPU
		{FF6FC791-8E09-46EF-A701-03D9D2E26AEF}.Ad-Hoc|iPhoneSimulator.Build.0 = Release|Any CPU
		{FF6FC791-8E09-46EF-A701-03D9D2E26AEF}.Ad-Hoc|x64.ActiveCfg = Release|Any CPU
		{FF6FC791-8E09-46EF-A701-03D9D2E26AEF}.Ad-Hoc|x64.Build.0 = Release|Any CPU
		{FF6FC791-8E09-46EF-A701-03D9D2E26AEF}.Ad-Hoc|x86.ActiveCfg = Release|Any CPU
		{FF6FC791-8E09-46EF-A701-03D9D2E26AEF}.Ad-Hoc|x86.Build.0 = Release|Any CPU
		{FF6FC791-8E09-46EF-A701-03D9D2E26AEF}.AppStore|Any CPU.ActiveCfg = Release|Any CPU
		{FF6FC791-8E09-46EF-A701-03D9D2E26AEF}.AppStore|Any CPU.Build.0 = Release|Any CPU
		{FF6FC791-8E09-46EF-A701-03D9D2E26AEF}.AppStore|ARM.ActiveCfg = Release|Any CPU
		{FF6FC791-8E09-46EF-A701-03D9D2E26AEF}.AppStore|ARM.Build.0 = Release|Any CPU
		{FF6FC791-8E09-46EF-A701-03D9D2E26AEF}.AppStore|iPhone.ActiveCfg = Release|Any CPU
		{FF6FC791-8E09-46EF-A701-03D9D2E26AEF}.AppStore|iPhone.Build.0 = Release|Any CPU
		{FF6FC791-8E09-46EF-A701-03D9D2E26AEF}.AppStore|iPhoneSimulator.ActiveCfg = Release|Any CPU
		{FF6FC791-8E09-46EF-A701-03D9D2E26AEF}.AppStore|iPhoneSimulator.Build.0 = Release|Any CPU
		{FF6FC791-8E09-46EF-A701-03D9D2E26AEF}.AppStore|x64.ActiveCfg = Release|Any CPU
		{FF6FC791-8E09-46EF-A701-03D9D2E26AEF}.AppStore|x64.Build.0 = Release|Any CPU
		{FF6FC791-8E09-46EF-A701-03D9D2E26AEF}.AppStore|x86.ActiveCfg = Release|Any CPU
		{FF6FC791-8E09-46EF-A701-03D9D2E26AEF}.AppStore|x86.Build.0 = Release|Any CPU
		{FF6FC791-8E09-46EF-A701-03D9D2E26AEF}.Debug|Any CPU.ActiveCfg = Debug|Any CPU
		{FF6FC791-8E09-46EF-A701-03D9D2E26AEF}.Debug|Any CPU.Build.0 = Debug|Any CPU
		{FF6FC791-8E09-46EF-A701-03D9D2E26AEF}.Debug|ARM.ActiveCfg = Debug|Any CPU
		{FF6FC791-8E09-46EF-A701-03D9D2E26AEF}.Debug|ARM.Build.0 = Debug|Any CPU
		{FF6FC791-8E09-46EF-A701-03D9D2E26AEF}.Debug|iPhone.ActiveCfg = Debug|Any CPU
		{FF6FC791-8E09-46EF-A701-03D9D2E26AEF}.Debug|iPhone.Build.0 = Debug|Any CPU
		{FF6FC791-8E09-46EF-A701-03D9D2E26AEF}.Debug|iPhoneSimulator.ActiveCfg = Debug|Any CPU
		{FF6FC791-8E09-46EF-A701-03D9D2E26AEF}.Debug|iPhoneSimulator.Build.0 = Debug|Any CPU
		{FF6FC791-8E09-46EF-A701-03D9D2E26AEF}.Debug|x64.ActiveCfg = Debug|Any CPU
		{FF6FC791-8E09-46EF-A701-03D9D2E26AEF}.Debug|x64.Build.0 = Debug|Any CPU
		{FF6FC791-8E09-46EF-A701-03D9D2E26AEF}.Debug|x86.ActiveCfg = Debug|Any CPU
		{FF6FC791-8E09-46EF-A701-03D9D2E26AEF}.Debug|x86.Build.0 = Debug|Any CPU
		{FF6FC791-8E09-46EF-A701-03D9D2E26AEF}.Release|Any CPU.ActiveCfg = Release|Any CPU
		{FF6FC791-8E09-46EF-A701-03D9D2E26AEF}.Release|Any CPU.Build.0 = Release|Any CPU
		{FF6FC791-8E09-46EF-A701-03D9D2E26AEF}.Release|ARM.ActiveCfg = Release|Any CPU
		{FF6FC791-8E09-46EF-A701-03D9D2E26AEF}.Release|ARM.Build.0 = Release|Any CPU
		{FF6FC791-8E09-46EF-A701-03D9D2E26AEF}.Release|iPhone.ActiveCfg = Release|Any CPU
		{FF6FC791-8E09-46EF-A701-03D9D2E26AEF}.Release|iPhone.Build.0 = Release|Any CPU
		{FF6FC791-8E09-46EF-A701-03D9D2E26AEF}.Release|iPhoneSimulator.ActiveCfg = Release|Any CPU
		{FF6FC791-8E09-46EF-A701-03D9D2E26AEF}.Release|iPhoneSimulator.Build.0 = Release|Any CPU
		{FF6FC791-8E09-46EF-A701-03D9D2E26AEF}.Release|x64.ActiveCfg = Release|Any CPU
		{FF6FC791-8E09-46EF-A701-03D9D2E26AEF}.Release|x64.Build.0 = Release|Any CPU
		{FF6FC791-8E09-46EF-A701-03D9D2E26AEF}.Release|x86.ActiveCfg = Release|Any CPU
		{FF6FC791-8E09-46EF-A701-03D9D2E26AEF}.Release|x86.Build.0 = Release|Any CPU
		{CEA71ACD-AC55-4EC4-A06D-414AB216215B}.Ad-Hoc|Any CPU.ActiveCfg = Release|Any CPU
		{CEA71ACD-AC55-4EC4-A06D-414AB216215B}.Ad-Hoc|Any CPU.Build.0 = Release|Any CPU
		{CEA71ACD-AC55-4EC4-A06D-414AB216215B}.Ad-Hoc|Any CPU.Deploy.0 = Release|Any CPU
		{CEA71ACD-AC55-4EC4-A06D-414AB216215B}.Ad-Hoc|ARM.ActiveCfg = Release|Any CPU
		{CEA71ACD-AC55-4EC4-A06D-414AB216215B}.Ad-Hoc|ARM.Build.0 = Release|Any CPU
		{CEA71ACD-AC55-4EC4-A06D-414AB216215B}.Ad-Hoc|ARM.Deploy.0 = Release|Any CPU
		{CEA71ACD-AC55-4EC4-A06D-414AB216215B}.Ad-Hoc|iPhone.ActiveCfg = Release|Any CPU
		{CEA71ACD-AC55-4EC4-A06D-414AB216215B}.Ad-Hoc|iPhone.Build.0 = Release|Any CPU
		{CEA71ACD-AC55-4EC4-A06D-414AB216215B}.Ad-Hoc|iPhone.Deploy.0 = Release|Any CPU
		{CEA71ACD-AC55-4EC4-A06D-414AB216215B}.Ad-Hoc|iPhoneSimulator.ActiveCfg = Release|Any CPU
		{CEA71ACD-AC55-4EC4-A06D-414AB216215B}.Ad-Hoc|iPhoneSimulator.Build.0 = Release|Any CPU
		{CEA71ACD-AC55-4EC4-A06D-414AB216215B}.Ad-Hoc|iPhoneSimulator.Deploy.0 = Release|Any CPU
		{CEA71ACD-AC55-4EC4-A06D-414AB216215B}.Ad-Hoc|x64.ActiveCfg = Release|Any CPU
		{CEA71ACD-AC55-4EC4-A06D-414AB216215B}.Ad-Hoc|x64.Build.0 = Release|Any CPU
		{CEA71ACD-AC55-4EC4-A06D-414AB216215B}.Ad-Hoc|x64.Deploy.0 = Release|Any CPU
		{CEA71ACD-AC55-4EC4-A06D-414AB216215B}.Ad-Hoc|x86.ActiveCfg = Release|Any CPU
		{CEA71ACD-AC55-4EC4-A06D-414AB216215B}.Ad-Hoc|x86.Build.0 = Release|Any CPU
		{CEA71ACD-AC55-4EC4-A06D-414AB216215B}.Ad-Hoc|x86.Deploy.0 = Release|Any CPU
		{CEA71ACD-AC55-4EC4-A06D-414AB216215B}.AppStore|Any CPU.ActiveCfg = Release|Any CPU
		{CEA71ACD-AC55-4EC4-A06D-414AB216215B}.AppStore|Any CPU.Build.0 = Release|Any CPU
		{CEA71ACD-AC55-4EC4-A06D-414AB216215B}.AppStore|Any CPU.Deploy.0 = Release|Any CPU
		{CEA71ACD-AC55-4EC4-A06D-414AB216215B}.AppStore|ARM.ActiveCfg = Release|Any CPU
		{CEA71ACD-AC55-4EC4-A06D-414AB216215B}.AppStore|ARM.Build.0 = Release|Any CPU
		{CEA71ACD-AC55-4EC4-A06D-414AB216215B}.AppStore|ARM.Deploy.0 = Release|Any CPU
		{CEA71ACD-AC55-4EC4-A06D-414AB216215B}.AppStore|iPhone.ActiveCfg = Release|Any CPU
		{CEA71ACD-AC55-4EC4-A06D-414AB216215B}.AppStore|iPhone.Build.0 = Release|Any CPU
		{CEA71ACD-AC55-4EC4-A06D-414AB216215B}.AppStore|iPhone.Deploy.0 = Release|Any CPU
		{CEA71ACD-AC55-4EC4-A06D-414AB216215B}.AppStore|iPhoneSimulator.ActiveCfg = Release|Any CPU
		{CEA71ACD-AC55-4EC4-A06D-414AB216215B}.AppStore|iPhoneSimulator.Build.0 = Release|Any CPU
		{CEA71ACD-AC55-4EC4-A06D-414AB216215B}.AppStore|iPhoneSimulator.Deploy.0 = Release|Any CPU
		{CEA71ACD-AC55-4EC4-A06D-414AB216215B}.AppStore|x64.ActiveCfg = Release|Any CPU
		{CEA71ACD-AC55-4EC4-A06D-414AB216215B}.AppStore|x64.Build.0 = Release|Any CPU
		{CEA71ACD-AC55-4EC4-A06D-414AB216215B}.AppStore|x64.Deploy.0 = Release|Any CPU
		{CEA71ACD-AC55-4EC4-A06D-414AB216215B}.AppStore|x86.ActiveCfg = Release|Any CPU
		{CEA71ACD-AC55-4EC4-A06D-414AB216215B}.AppStore|x86.Build.0 = Release|Any CPU
		{CEA71ACD-AC55-4EC4-A06D-414AB216215B}.AppStore|x86.Deploy.0 = Release|Any CPU
		{CEA71ACD-AC55-4EC4-A06D-414AB216215B}.Debug|Any CPU.ActiveCfg = Debug|Any CPU
		{CEA71ACD-AC55-4EC4-A06D-414AB216215B}.Debug|Any CPU.Build.0 = Debug|Any CPU
		{CEA71ACD-AC55-4EC4-A06D-414AB216215B}.Debug|Any CPU.Deploy.0 = Debug|Any CPU
		{CEA71ACD-AC55-4EC4-A06D-414AB216215B}.Debug|ARM.ActiveCfg = Debug|Any CPU
		{CEA71ACD-AC55-4EC4-A06D-414AB216215B}.Debug|ARM.Build.0 = Debug|Any CPU
		{CEA71ACD-AC55-4EC4-A06D-414AB216215B}.Debug|ARM.Deploy.0 = Debug|Any CPU
		{CEA71ACD-AC55-4EC4-A06D-414AB216215B}.Debug|iPhone.ActiveCfg = Debug|Any CPU
		{CEA71ACD-AC55-4EC4-A06D-414AB216215B}.Debug|iPhone.Build.0 = Debug|Any CPU
		{CEA71ACD-AC55-4EC4-A06D-414AB216215B}.Debug|iPhone.Deploy.0 = Debug|Any CPU
		{CEA71ACD-AC55-4EC4-A06D-414AB216215B}.Debug|iPhoneSimulator.ActiveCfg = Debug|Any CPU
		{CEA71ACD-AC55-4EC4-A06D-414AB216215B}.Debug|iPhoneSimulator.Build.0 = Debug|Any CPU
		{CEA71ACD-AC55-4EC4-A06D-414AB216215B}.Debug|iPhoneSimulator.Deploy.0 = Debug|Any CPU
		{CEA71ACD-AC55-4EC4-A06D-414AB216215B}.Debug|x64.ActiveCfg = Debug|Any CPU
		{CEA71ACD-AC55-4EC4-A06D-414AB216215B}.Debug|x64.Build.0 = Debug|Any CPU
		{CEA71ACD-AC55-4EC4-A06D-414AB216215B}.Debug|x64.Deploy.0 = Debug|Any CPU
		{CEA71ACD-AC55-4EC4-A06D-414AB216215B}.Debug|x86.ActiveCfg = Debug|Any CPU
		{CEA71ACD-AC55-4EC4-A06D-414AB216215B}.Debug|x86.Build.0 = Debug|Any CPU
		{CEA71ACD-AC55-4EC4-A06D-414AB216215B}.Debug|x86.Deploy.0 = Debug|Any CPU
		{CEA71ACD-AC55-4EC4-A06D-414AB216215B}.Release|Any CPU.ActiveCfg = Release|Any CPU
		{CEA71ACD-AC55-4EC4-A06D-414AB216215B}.Release|Any CPU.Build.0 = Release|Any CPU
		{CEA71ACD-AC55-4EC4-A06D-414AB216215B}.Release|Any CPU.Deploy.0 = Release|Any CPU
		{CEA71ACD-AC55-4EC4-A06D-414AB216215B}.Release|ARM.ActiveCfg = Release|Any CPU
		{CEA71ACD-AC55-4EC4-A06D-414AB216215B}.Release|ARM.Build.0 = Release|Any CPU
		{CEA71ACD-AC55-4EC4-A06D-414AB216215B}.Release|ARM.Deploy.0 = Release|Any CPU
		{CEA71ACD-AC55-4EC4-A06D-414AB216215B}.Release|iPhone.ActiveCfg = Release|Any CPU
		{CEA71ACD-AC55-4EC4-A06D-414AB216215B}.Release|iPhone.Build.0 = Release|Any CPU
		{CEA71ACD-AC55-4EC4-A06D-414AB216215B}.Release|iPhone.Deploy.0 = Release|Any CPU
		{CEA71ACD-AC55-4EC4-A06D-414AB216215B}.Release|iPhoneSimulator.ActiveCfg = Release|Any CPU
		{CEA71ACD-AC55-4EC4-A06D-414AB216215B}.Release|iPhoneSimulator.Build.0 = Release|Any CPU
		{CEA71ACD-AC55-4EC4-A06D-414AB216215B}.Release|iPhoneSimulator.Deploy.0 = Release|Any CPU
		{CEA71ACD-AC55-4EC4-A06D-414AB216215B}.Release|x64.ActiveCfg = Release|Any CPU
		{CEA71ACD-AC55-4EC4-A06D-414AB216215B}.Release|x64.Build.0 = Release|Any CPU
		{CEA71ACD-AC55-4EC4-A06D-414AB216215B}.Release|x64.Deploy.0 = Release|Any CPU
		{CEA71ACD-AC55-4EC4-A06D-414AB216215B}.Release|x86.ActiveCfg = Release|Any CPU
		{CEA71ACD-AC55-4EC4-A06D-414AB216215B}.Release|x86.Build.0 = Release|Any CPU
		{CEA71ACD-AC55-4EC4-A06D-414AB216215B}.Release|x86.Deploy.0 = Release|Any CPU
		{C6A662D9-2E05-4A0F-AB20-C690D6118242}.Ad-Hoc|Any CPU.ActiveCfg = Ad-Hoc|iPhone
		{C6A662D9-2E05-4A0F-AB20-C690D6118242}.Ad-Hoc|ARM.ActiveCfg = Ad-Hoc|iPhone
		{C6A662D9-2E05-4A0F-AB20-C690D6118242}.Ad-Hoc|iPhone.ActiveCfg = Ad-Hoc|iPhone
		{C6A662D9-2E05-4A0F-AB20-C690D6118242}.Ad-Hoc|iPhone.Build.0 = Ad-Hoc|iPhone
		{C6A662D9-2E05-4A0F-AB20-C690D6118242}.Ad-Hoc|iPhoneSimulator.ActiveCfg = Ad-Hoc|iPhoneSimulator
		{C6A662D9-2E05-4A0F-AB20-C690D6118242}.Ad-Hoc|iPhoneSimulator.Build.0 = Ad-Hoc|iPhoneSimulator
		{C6A662D9-2E05-4A0F-AB20-C690D6118242}.Ad-Hoc|x64.ActiveCfg = Ad-Hoc|iPhone
		{C6A662D9-2E05-4A0F-AB20-C690D6118242}.Ad-Hoc|x86.ActiveCfg = Ad-Hoc|iPhone
		{C6A662D9-2E05-4A0F-AB20-C690D6118242}.AppStore|Any CPU.ActiveCfg = AppStore|iPhone
		{C6A662D9-2E05-4A0F-AB20-C690D6118242}.AppStore|ARM.ActiveCfg = AppStore|iPhone
		{C6A662D9-2E05-4A0F-AB20-C690D6118242}.AppStore|iPhone.ActiveCfg = AppStore|iPhone
		{C6A662D9-2E05-4A0F-AB20-C690D6118242}.AppStore|iPhone.Build.0 = AppStore|iPhone
		{C6A662D9-2E05-4A0F-AB20-C690D6118242}.AppStore|iPhoneSimulator.ActiveCfg = AppStore|iPhoneSimulator
		{C6A662D9-2E05-4A0F-AB20-C690D6118242}.AppStore|iPhoneSimulator.Build.0 = AppStore|iPhoneSimulator
		{C6A662D9-2E05-4A0F-AB20-C690D6118242}.AppStore|x64.ActiveCfg = AppStore|iPhone
		{C6A662D9-2E05-4A0F-AB20-C690D6118242}.AppStore|x86.ActiveCfg = AppStore|iPhone
		{C6A662D9-2E05-4A0F-AB20-C690D6118242}.Debug|Any CPU.ActiveCfg = Debug|iPhone
		{C6A662D9-2E05-4A0F-AB20-C690D6118242}.Debug|ARM.ActiveCfg = Debug|iPhone
		{C6A662D9-2E05-4A0F-AB20-C690D6118242}.Debug|iPhone.ActiveCfg = Debug|iPhone
		{C6A662D9-2E05-4A0F-AB20-C690D6118242}.Debug|iPhone.Build.0 = Debug|iPhone
		{C6A662D9-2E05-4A0F-AB20-C690D6118242}.Debug|iPhoneSimulator.ActiveCfg = Debug|iPhoneSimulator
		{C6A662D9-2E05-4A0F-AB20-C690D6118242}.Debug|iPhoneSimulator.Build.0 = Debug|iPhoneSimulator
		{C6A662D9-2E05-4A0F-AB20-C690D6118242}.Debug|x64.ActiveCfg = Debug|iPhone
		{C6A662D9-2E05-4A0F-AB20-C690D6118242}.Debug|x86.ActiveCfg = Debug|iPhone
		{C6A662D9-2E05-4A0F-AB20-C690D6118242}.Release|Any CPU.ActiveCfg = Release|iPhone
		{C6A662D9-2E05-4A0F-AB20-C690D6118242}.Release|ARM.ActiveCfg = Release|iPhone
		{C6A662D9-2E05-4A0F-AB20-C690D6118242}.Release|iPhone.ActiveCfg = Release|iPhone
		{C6A662D9-2E05-4A0F-AB20-C690D6118242}.Release|iPhone.Build.0 = Release|iPhone
		{C6A662D9-2E05-4A0F-AB20-C690D6118242}.Release|iPhoneSimulator.ActiveCfg = Release|iPhoneSimulator
		{C6A662D9-2E05-4A0F-AB20-C690D6118242}.Release|iPhoneSimulator.Build.0 = Release|iPhoneSimulator
		{C6A662D9-2E05-4A0F-AB20-C690D6118242}.Release|x64.ActiveCfg = Release|iPhone
		{C6A662D9-2E05-4A0F-AB20-C690D6118242}.Release|x86.ActiveCfg = Release|iPhone
		{C446AEAD-30E6-459B-9289-8B628B53104B}.Ad-Hoc|Any CPU.ActiveCfg = Release|x86
		{C446AEAD-30E6-459B-9289-8B628B53104B}.Ad-Hoc|Any CPU.Build.0 = Release|x86
		{C446AEAD-30E6-459B-9289-8B628B53104B}.Ad-Hoc|Any CPU.Deploy.0 = Release|x86
		{C446AEAD-30E6-459B-9289-8B628B53104B}.Ad-Hoc|ARM.ActiveCfg = Release|ARM
		{C446AEAD-30E6-459B-9289-8B628B53104B}.Ad-Hoc|ARM.Build.0 = Release|ARM
		{C446AEAD-30E6-459B-9289-8B628B53104B}.Ad-Hoc|ARM.Deploy.0 = Release|ARM
		{C446AEAD-30E6-459B-9289-8B628B53104B}.Ad-Hoc|iPhone.ActiveCfg = Release|x86
		{C446AEAD-30E6-459B-9289-8B628B53104B}.Ad-Hoc|iPhone.Build.0 = Release|x86
		{C446AEAD-30E6-459B-9289-8B628B53104B}.Ad-Hoc|iPhone.Deploy.0 = Release|x86
		{C446AEAD-30E6-459B-9289-8B628B53104B}.Ad-Hoc|iPhoneSimulator.ActiveCfg = Release|x86
		{C446AEAD-30E6-459B-9289-8B628B53104B}.Ad-Hoc|iPhoneSimulator.Build.0 = Release|x86
		{C446AEAD-30E6-459B-9289-8B628B53104B}.Ad-Hoc|iPhoneSimulator.Deploy.0 = Release|x86
		{C446AEAD-30E6-459B-9289-8B628B53104B}.Ad-Hoc|x64.ActiveCfg = Release|x64
		{C446AEAD-30E6-459B-9289-8B628B53104B}.Ad-Hoc|x64.Build.0 = Release|x64
		{C446AEAD-30E6-459B-9289-8B628B53104B}.Ad-Hoc|x64.Deploy.0 = Release|x64
		{C446AEAD-30E6-459B-9289-8B628B53104B}.Ad-Hoc|x86.ActiveCfg = Release|x86
		{C446AEAD-30E6-459B-9289-8B628B53104B}.Ad-Hoc|x86.Build.0 = Release|x86
		{C446AEAD-30E6-459B-9289-8B628B53104B}.Ad-Hoc|x86.Deploy.0 = Release|x86
		{C446AEAD-30E6-459B-9289-8B628B53104B}.AppStore|Any CPU.ActiveCfg = Release|x86
		{C446AEAD-30E6-459B-9289-8B628B53104B}.AppStore|Any CPU.Build.0 = Release|x86
		{C446AEAD-30E6-459B-9289-8B628B53104B}.AppStore|Any CPU.Deploy.0 = Release|x86
		{C446AEAD-30E6-459B-9289-8B628B53104B}.AppStore|ARM.ActiveCfg = Release|ARM
		{C446AEAD-30E6-459B-9289-8B628B53104B}.AppStore|ARM.Build.0 = Release|ARM
		{C446AEAD-30E6-459B-9289-8B628B53104B}.AppStore|ARM.Deploy.0 = Release|ARM
		{C446AEAD-30E6-459B-9289-8B628B53104B}.AppStore|iPhone.ActiveCfg = Release|x86
		{C446AEAD-30E6-459B-9289-8B628B53104B}.AppStore|iPhone.Build.0 = Release|x86
		{C446AEAD-30E6-459B-9289-8B628B53104B}.AppStore|iPhone.Deploy.0 = Release|x86
		{C446AEAD-30E6-459B-9289-8B628B53104B}.AppStore|iPhoneSimulator.ActiveCfg = Release|x86
		{C446AEAD-30E6-459B-9289-8B628B53104B}.AppStore|iPhoneSimulator.Build.0 = Release|x86
		{C446AEAD-30E6-459B-9289-8B628B53104B}.AppStore|iPhoneSimulator.Deploy.0 = Release|x86
		{C446AEAD-30E6-459B-9289-8B628B53104B}.AppStore|x64.ActiveCfg = Release|x64
		{C446AEAD-30E6-459B-9289-8B628B53104B}.AppStore|x64.Build.0 = Release|x64
		{C446AEAD-30E6-459B-9289-8B628B53104B}.AppStore|x64.Deploy.0 = Release|x64
		{C446AEAD-30E6-459B-9289-8B628B53104B}.AppStore|x86.ActiveCfg = Release|x86
		{C446AEAD-30E6-459B-9289-8B628B53104B}.AppStore|x86.Build.0 = Release|x86
		{C446AEAD-30E6-459B-9289-8B628B53104B}.AppStore|x86.Deploy.0 = Release|x86
		{C446AEAD-30E6-459B-9289-8B628B53104B}.Debug|Any CPU.ActiveCfg = Debug|x86
		{C446AEAD-30E6-459B-9289-8B628B53104B}.Debug|Any CPU.Build.0 = Debug|x86
		{C446AEAD-30E6-459B-9289-8B628B53104B}.Debug|Any CPU.Deploy.0 = Debug|x86
		{C446AEAD-30E6-459B-9289-8B628B53104B}.Debug|ARM.ActiveCfg = Debug|ARM
		{C446AEAD-30E6-459B-9289-8B628B53104B}.Debug|ARM.Build.0 = Debug|ARM
		{C446AEAD-30E6-459B-9289-8B628B53104B}.Debug|ARM.Deploy.0 = Debug|ARM
		{C446AEAD-30E6-459B-9289-8B628B53104B}.Debug|iPhone.ActiveCfg = Debug|x86
		{C446AEAD-30E6-459B-9289-8B628B53104B}.Debug|iPhoneSimulator.ActiveCfg = Debug|x86
		{C446AEAD-30E6-459B-9289-8B628B53104B}.Debug|x64.ActiveCfg = Debug|x64
		{C446AEAD-30E6-459B-9289-8B628B53104B}.Debug|x64.Build.0 = Debug|x64
		{C446AEAD-30E6-459B-9289-8B628B53104B}.Debug|x64.Deploy.0 = Debug|x64
		{C446AEAD-30E6-459B-9289-8B628B53104B}.Debug|x86.ActiveCfg = Debug|x86
		{C446AEAD-30E6-459B-9289-8B628B53104B}.Debug|x86.Build.0 = Debug|x86
		{C446AEAD-30E6-459B-9289-8B628B53104B}.Debug|x86.Deploy.0 = Debug|x86
		{C446AEAD-30E6-459B-9289-8B628B53104B}.Release|Any CPU.ActiveCfg = Release|x86
		{C446AEAD-30E6-459B-9289-8B628B53104B}.Release|ARM.ActiveCfg = Release|ARM
		{C446AEAD-30E6-459B-9289-8B628B53104B}.Release|ARM.Build.0 = Release|ARM
		{C446AEAD-30E6-459B-9289-8B628B53104B}.Release|ARM.Deploy.0 = Release|ARM
		{C446AEAD-30E6-459B-9289-8B628B53104B}.Release|iPhone.ActiveCfg = Release|x86
		{C446AEAD-30E6-459B-9289-8B628B53104B}.Release|iPhoneSimulator.ActiveCfg = Release|x86
		{C446AEAD-30E6-459B-9289-8B628B53104B}.Release|x64.ActiveCfg = Release|x64
		{C446AEAD-30E6-459B-9289-8B628B53104B}.Release|x64.Build.0 = Release|x64
		{C446AEAD-30E6-459B-9289-8B628B53104B}.Release|x64.Deploy.0 = Release|x64
		{C446AEAD-30E6-459B-9289-8B628B53104B}.Release|x86.ActiveCfg = Release|x86
		{C446AEAD-30E6-459B-9289-8B628B53104B}.Release|x86.Build.0 = Release|x86
		{C446AEAD-30E6-459B-9289-8B628B53104B}.Release|x86.Deploy.0 = Release|x86
	EndGlobalSection
	GlobalSection(SolutionProperties) = preSolution
		HideSolutionNode = FALSE
	EndGlobalSection
EndGlobal
